
Microsoft Visual Studio Solution File, Format Version 12.00
# Visual Studio 15
VisualStudioVersion = 15.0.34112.143
MinimumVisualStudioVersion = 10.0.40219.1
Project("{8BC9CEB8-8B4A-11D0-8D11-00A0C91BC942}") = "Project1", "Project1\Project1.vcxproj", "{801A89E6-64D5-4507-82EE-FEE859A2D4D3}"
EndProject
Global
	GlobalSection(SolutionConfigurationPlatforms) = preSolution
		Debug|x64 = Debug|x64
		Debug|x86 = Debug|x86
		Release|x64 = Release|x64
		Release|x86 = Release|x86
	EndGlobalSection
	GlobalSection(ProjectConfigurationPlatforms) = postSolution
		{801A89E6-64D5-4507-82EE-FEE859A2D4D3}.Debug|x64.ActiveCfg = Debug|x64
		{801A89E6-64D5-4507-82EE-FEE859A2D4D3}.Debug|x64.Build.0 = Debug|x64
		{801A89E6-64D5-4507-82EE-FEE859A2D4D3}.Debug|x86.ActiveCfg = Debug|Win32
		{801A89E6-64D5-4507-82EE-FEE859A2D4D3}.Debug|x86.Build.0 = Debug|Win32
		{801A89E6-64D5-4507-82EE-FEE859A2D4D3}.Release|x64.ActiveCfg = Release|x64
		{801A89E6-64D5-4507-82EE-FEE859A2D4D3}.Release|x64.Build.0 = Release|x64
		{801A89E6-64D5-4507-82EE-FEE859A2D4D3}.Release|x86.ActiveCfg = Release|Win32
		{801A89E6-64D5-4507-82EE-FEE859A2D4D3}.Release|x86.Build.0 = Release|Win32
	EndGlobalSection
	GlobalSection(SolutionProperties) = preSolution
		HideSolutionNode = FALSE
	EndGlobalSection
	GlobalSection(ExtensibilityGlobals) = postSolution
		SolutionGuid = {213DB60C-A3F3-4765-9A49-1077ADD395CF}
	EndGlobalSection
EndGlobal
